github.com/j32u4ukh/glog/v2 v2.0.3 h1:DvZYFik4y31OhoAT1SdRefSNmNho5rZBWTzaReKKTAQ=
github.com/j32u4ukh/glog/v2 v2.0.3/go.mod h1:bTSp2wHDJWYRbf8b8oX/OmDjZ/Po0vQJdvZvH8/KsBA=
github.com/j32u4ukh/gos v1.2.2 h1:olzDS2KE0ruyOX0WZmPLlo81JzEqSJ+Y4spCbjYdDAw=
github.com/j32u4ukh/gos v1.2.2/go.mod h1:3PVeP2WdAzXAoluMMwLm21pdRW6unZfFHanvXCCHpbg=
github.com/pkg/errors v0.9.1 h1:FEBLx1zS214owpjy7qsBeixbURkuhQAwrK5UwLGTwt4=
github.com/pkg/errors v0.9.1/go.mod h1:bwawxfHBFNV+L2hUp1rHADufV3IMtnDRdf1r5NINEl0=
