github.com/j32u4ukh/glog/v2 v2.0.4 h1:VuL3/cFCGTppZ89R3cXwhYCp9Udj+gRjtbXVvy8NyrA=
github.com/j32u4ukh/glog/v2 v2.0.4/go.mod h1:bTSp2wHDJWYRbf8b8oX/OmDjZ/Po0vQJdvZvH8/KsBA=
github.com/j32u4ukh/gos v1.4.0 h1:uQ7ZC27jidjmHwi+KqJ+NFZtEj13adjpmXaIgl9yF+w=
github.com/j32u4ukh/gos v1.4.0/go.mod h1:3PVeP2WdAzXAoluMMwLm21pdRW6unZfFHanvXCCHpbg=
github.com/pkg/errors v0.9.1 h1:FEBLx1zS214owpjy7qsBeixbURkuhQAwrK5UwLGTwt4=
github.com/pkg/errors v0.9.1/go.mod h1:bwawxfHBFNV+L2hUp1rHADufV3IMtnDRdf1r5NINEl0=
