github.com/go-sql-driver/mysql v1.7.1 h1:lUIinVbN1DY0xBg0eMOzmmtGoHwWBbvnWubQUrtU8EI=
github.com/go-sql-driver/mysql v1.7.1/go.mod h1:OXbVy3sEdcQ2Doequ6Z5BW6fXNQTmx+9S1MCJN5yJMI=
github.com/golang/protobuf v1.5.0/go.mod h1:FsONVRAS9T7sI+LIUmWTfcYkHO4aIWwzhcaSAoJOfIk=
github.com/google/go-cmp v0.5.5 h1:Khx7svrCpmxxtHBq5j2mp/xVjsi8hQMfNLvJFAlrGgU=
github.com/google/go-cmp v0.5.5/go.mod h1:v8dTdLbMG2kIc/vJvl+f65V22dbkXbowE6jgT/gNBxE=
github.com/j32u4ukh/cntr v1.2.2 h1:dFwLDOx/2Nk6kpfOeg2LA7JksDCgpSEAh1JsO6vP7h0=
github.com/j32u4ukh/cntr v1.2.2/go.mod h1:qRLDvji9eAH4pPKZeYu8A0HgWrRqGpCWmzi29rSEIFQ=
github.com/j32u4ukh/glog/v2 v2.0.4 h1:VuL3/cFCGTppZ89R3cXwhYCp9Udj+gRjtbXVvy8NyrA=
github.com/j32u4ukh/glog/v2 v2.0.4/go.mod h1:bTSp2wHDJWYRbf8b8oX/OmDjZ/Po0vQJdvZvH8/KsBA=
github.com/j32u4ukh/gos v1.2.3 h1:39/aXSO9kU52ePJOdW/kwQV3aP2lnde77Micd3gvKKw=
github.com/j32u4ukh/gos v1.2.3/go.mod h1:3PVeP2WdAzXAoluMMwLm21pdRW6unZfFHanvXCCHpbg=
github.com/j32u4ukh/gosql v0.2.1 h1:tBEksOC1wHfnpVrzLAKnuxTTuH5Suml13HJTDmf65nk=
github.com/j32u4ukh/gosql v0.2.1/go.mod h1:adXeUe91ayMFrcuTADz1t0oeY8WURHiPiGRR5aPUhhM=
github.com/j32u4ukh/gosql v0.2.2 h1:d25mN6AxxbLnKVZkSrTpc3LuacDlTajFM7lbL9mzxns=
github.com/j32u4ukh/gosql v0.2.2/go.mod h1:crzQJLlvM1FdM7vUk61Tb1AKEvBQiHG/aEvgokaea/Q=
github.com/pkg/errors v0.9.1 h1:FEBLx1zS214owpjy7qsBeixbURkuhQAwrK5UwLGTwt4=
github.com/pkg/errors v0.9.1/go.mod h1:bwawxfHBFNV+L2hUp1rHADufV3IMtnDRdf1r5NINEl0=
github.com/yoheimuta/go-protoparser/v4 v4.8.0 h1:OJrN+dPzpBiLyGTeLobaQSL4RTfr2ayievBCbT8Ht1E=
github.com/yoheimuta/go-protoparser/v4 v4.8.0/go.mod h1:AHNNnSWnb0UoL4QgHPiOAg2BniQceFscPI5X/BZNHl8=
golang.org/x/xerrors v0.0.0-20191204190536-9bdfabe68543 h1:E7g+9GITq07hpfrRu66IVDexMakfv52eLZ2CXBWiKr4=
golang.org/x/xerrors v0.0.0-20191204190536-9bdfabe68543/go.mod h1:I/5z698sn9Ka8TeJc9MKroUUfqBBauWjQqLJ2OPfmY0=
google.golang.org/protobuf v1.26.0-rc.1/go.mod h1:jlhhOSvTdKEhbULTjvd4ARK9grFBp09yW+WbY/TyQbw=
google.golang.org/protobuf v1.30.0 h1:kPPoIgf3TsEvrm0PFe15JQ+570QVxYzEvvHqChK+cng=
google.golang.org/protobuf v1.30.0/go.mod h1:HV8QOd/L58Z+nl8r43ehVNZIU/HEI6OcFqwMG9pJV4I=
gopkg.in/check.v1 v0.0.0-20161208181325-20d25e280405 h1:yhCVgyC4o1eVCa2tZl7eS0r+SDo693bJlVdllGtEeKM=
gopkg.in/check.v1 v0.0.0-20161208181325-20d25e280405/go.mod h1:Co6ibVJAznAaIkqp8huTwlJQCZ016jof/cbN4VW5Yz0=
gopkg.in/yaml.v2 v2.4.0 h1:D8xgwECY7CYvx+Y2n4sBz93Jn9JRvxdiyyo8CTfuKaY=
gopkg.in/yaml.v2 v2.4.0/go.mod h1:RDklbk79AGWmwhnvt/jBztapEOGDOx6ZbXqjP6csGnQ=
